
Microsoft Visual Studio Solution File, Format Version 12.00
# Visual Studio Version 17
VisualStudioVersion = 17.1.32328.378
MinimumVisualStudioVersion = 10.0.40219.1
Project("{FAE04EC0-301F-11D3-BF4B-00C04F79EFBC}") = "SinkingYachts", "SinkingYachts\SinkingYachts.csproj", "{0325F475-6034-4D9A-BB9C-94F25FFAAB4D}"
EndProject
Project("{FAE04EC0-301F-11D3-BF4B-00C04F79EFBC}") = "Example", "Example\Example.csproj", "{676CCDDA-5528-464A-8FB9-4C8874FD5D1D}"
EndProject
Global
	GlobalSection(SolutionConfigurationPlatforms) = preSolution
		Debug|Any CPU = Debug|Any CPU
		Release|Any CPU = Release|Any CPU
	EndGlobalSection
	GlobalSection(ProjectConfigurationPlatforms) = postSolution
		{0325F475-6034-4D9A-BB9C-94F25FFAAB4D}.Debug|Any CPU.ActiveCfg = Debug|Any CPU
		{0325F475-6034-4D9A-BB9C-94F25FFAAB4D}.Debug|Any CPU.Build.0 = Debug|Any CPU
		{0325F475-6034-4D9A-BB9C-94F25FFAAB4D}.Release|Any CPU.ActiveCfg = Release|Any CPU
		{0325F475-6034-4D9A-BB9C-94F25FFAAB4D}.Release|Any CPU.Build.0 = Release|Any CPU
		{676CCDDA-5528-464A-8FB9-4C8874FD5D1D}.Debug|Any CPU.ActiveCfg = Debug|Any CPU
		{676CCDDA-5528-464A-8FB9-4C8874FD5D1D}.Debug|Any CPU.Build.0 = Debug|Any CPU
		{676CCDDA-5528-464A-8FB9-4C8874FD5D1D}.Release|Any CPU.ActiveCfg = Release|Any CPU
		{676CCDDA-5528-464A-8FB9-4C8874FD5D1D}.Release|Any CPU.Build.0 = Release|Any CPU
	EndGlobalSection
	GlobalSection(SolutionProperties) = preSolution
		HideSolutionNode = FALSE
	EndGlobalSection
	GlobalSection(ExtensibilityGlobals) = postSolution
		SolutionGuid = {658F1720-F9D3-4F88-BE12-02AA51A43AC2}
	EndGlobalSection
EndGlobal
